
Microsoft Visual Studio Solution File, Format Version 12.00
# Visual Studio 15
VisualStudioVersion = 15.0.26124.0
MinimumVisualStudioVersion = 15.0.26124.0
Project("{FAE04EC0-301F-11D3-BF4B-00C04F79EFBC}") = "EventSourcing", "EventSourcing\EventSourcing.csproj", "{BA8F083D-A6E2-4E53-A017-D1DCAC93F88F}"
EndProject
Project("{FAE04EC0-301F-11D3-BF4B-00C04F79EFBC}") = "EventSourcingGrains", "EventSourcingGrains\EventSourcingGrains.csproj", "{7A635E2E-C5D9-4CF5-B6EA-672E1AF5027B}"
EndProject
Project("{2150E333-8FDC-42A3-9474-1A3956D46DE8}") = "Examples", "Examples", "{3578293E-FCBD-42CA-9DAC-E612A1845B06}"
EndProject
Project("{FAE04EC0-301F-11D3-BF4B-00C04F79EFBC}") = "Account", "Examples\Account\Account.csproj", "{5E82F319-35C3-4DF3-889D-002AB8643417}"
EndProject
Project("{FAE04EC0-301F-11D3-BF4B-00C04F79EFBC}") = "Caching", "Examples\Caching\Caching.csproj", "{C6DDB16C-B8B7-4C42-B81A-59AF28BD041D}"
EndProject
Project("{FAE04EC0-301F-11D3-BF4B-00C04F79EFBC}") = "Account.Grains", "Examples\Account.Grains\Account.Grains.csproj", "{4DB6391F-4124-4BDB-83B1-91DD7B9CF4FE}"
EndProject
Project("{FAE04EC0-301F-11D3-BF4B-00C04F79EFBC}") = "Caching.Grains", "Examples\Caching.Grains\Caching.Grains.csproj", "{9EF0A2FC-4FFF-4048-9FA4-A447D27A834E}"
EndProject
Project("{FAE04EC0-301F-11D3-BF4B-00C04F79EFBC}") = "Saga.Grains", "examples\Saga.Grains\Saga.Grains.csproj", "{6CDED891-E3FC-4B13-9199-01F32A58D0F0}"
EndProject
Project("{FAE04EC0-301F-11D3-BF4B-00C04F79EFBC}") = "SagaExample", "examples\SagaExample\SagaExample.csproj", "{9DD9770F-DC86-4F2F-858B-3D6CFEAFFB21}"
EndProject
Project("{FAE04EC0-301F-11D3-BF4B-00C04F79EFBC}") = "EventSourcing.Tests", "EventSourcing.Tests\EventSourcing.Tests.csproj", "{793F93C5-D565-449F-BF5B-04BD52CF9D53}"
EndProject
Global
	GlobalSection(SolutionConfigurationPlatforms) = preSolution
		Debug|Any CPU = Debug|Any CPU
		Debug|x64 = Debug|x64
		Debug|x86 = Debug|x86
		Release|Any CPU = Release|Any CPU
		Release|x64 = Release|x64
		Release|x86 = Release|x86
	EndGlobalSection
	GlobalSection(SolutionProperties) = preSolution
		HideSolutionNode = FALSE
	EndGlobalSection
	GlobalSection(ProjectConfigurationPlatforms) = postSolution
		{BA8F083D-A6E2-4E53-A017-D1DCAC93F88F}.Debug|Any CPU.ActiveCfg = Debug|Any CPU
		{BA8F083D-A6E2-4E53-A017-D1DCAC93F88F}.Debug|Any CPU.Build.0 = Debug|Any CPU
		{BA8F083D-A6E2-4E53-A017-D1DCAC93F88F}.Debug|x64.ActiveCfg = Debug|Any CPU
		{BA8F083D-A6E2-4E53-A017-D1DCAC93F88F}.Debug|x64.Build.0 = Debug|Any CPU
		{BA8F083D-A6E2-4E53-A017-D1DCAC93F88F}.Debug|x86.ActiveCfg = Debug|Any CPU
		{BA8F083D-A6E2-4E53-A017-D1DCAC93F88F}.Debug|x86.Build.0 = Debug|Any CPU
		{BA8F083D-A6E2-4E53-A017-D1DCAC93F88F}.Release|Any CPU.ActiveCfg = Release|Any CPU
		{BA8F083D-A6E2-4E53-A017-D1DCAC93F88F}.Release|Any CPU.Build.0 = Release|Any CPU
		{BA8F083D-A6E2-4E53-A017-D1DCAC93F88F}.Release|x64.ActiveCfg = Release|Any CPU
		{BA8F083D-A6E2-4E53-A017-D1DCAC93F88F}.Release|x64.Build.0 = Release|Any CPU
		{BA8F083D-A6E2-4E53-A017-D1DCAC93F88F}.Release|x86.ActiveCfg = Release|Any CPU
		{BA8F083D-A6E2-4E53-A017-D1DCAC93F88F}.Release|x86.Build.0 = Release|Any CPU
		{7A635E2E-C5D9-4CF5-B6EA-672E1AF5027B}.Debug|Any CPU.ActiveCfg = Debug|Any CPU
		{7A635E2E-C5D9-4CF5-B6EA-672E1AF5027B}.Debug|Any CPU.Build.0 = Debug|Any CPU
		{7A635E2E-C5D9-4CF5-B6EA-672E1AF5027B}.Debug|x64.ActiveCfg = Debug|Any CPU
		{7A635E2E-C5D9-4CF5-B6EA-672E1AF5027B}.Debug|x64.Build.0 = Debug|Any CPU
		{7A635E2E-C5D9-4CF5-B6EA-672E1AF5027B}.Debug|x86.ActiveCfg = Debug|Any CPU
		{7A635E2E-C5D9-4CF5-B6EA-672E1AF5027B}.Debug|x86.Build.0 = Debug|Any CPU
		{7A635E2E-C5D9-4CF5-B6EA-672E1AF5027B}.Release|Any CPU.ActiveCfg = Release|Any CPU
		{7A635E2E-C5D9-4CF5-B6EA-672E1AF5027B}.Release|Any CPU.Build.0 = Release|Any CPU
		{7A635E2E-C5D9-4CF5-B6EA-672E1AF5027B}.Release|x64.ActiveCfg = Release|Any CPU
		{7A635E2E-C5D9-4CF5-B6EA-672E1AF5027B}.Release|x64.Build.0 = Release|Any CPU
		{7A635E2E-C5D9-4CF5-B6EA-672E1AF5027B}.Release|x86.ActiveCfg = Release|Any CPU
		{7A635E2E-C5D9-4CF5-B6EA-672E1AF5027B}.Release|x86.Build.0 = Release|Any CPU
		{5E82F319-35C3-4DF3-889D-002AB8643417}.Debug|Any CPU.ActiveCfg = Debug|Any CPU
		{5E82F319-35C3-4DF3-889D-002AB8643417}.Debug|Any CPU.Build.0 = Debug|Any CPU
		{5E82F319-35C3-4DF3-889D-002AB8643417}.Debug|x64.ActiveCfg = Debug|Any CPU
		{5E82F319-35C3-4DF3-889D-002AB8643417}.Debug|x64.Build.0 = Debug|Any CPU
		{5E82F319-35C3-4DF3-889D-002AB8643417}.Debug|x86.ActiveCfg = Debug|Any CPU
		{5E82F319-35C3-4DF3-889D-002AB8643417}.Debug|x86.Build.0 = Debug|Any CPU
		{5E82F319-35C3-4DF3-889D-002AB8643417}.Release|Any CPU.ActiveCfg = Release|Any CPU
		{5E82F319-35C3-4DF3-889D-002AB8643417}.Release|Any CPU.Build.0 = Release|Any CPU
		{5E82F319-35C3-4DF3-889D-002AB8643417}.Release|x64.ActiveCfg = Release|Any CPU
		{5E82F319-35C3-4DF3-889D-002AB8643417}.Release|x64.Build.0 = Release|Any CPU
		{5E82F319-35C3-4DF3-889D-002AB8643417}.Release|x86.ActiveCfg = Release|Any CPU
		{5E82F319-35C3-4DF3-889D-002AB8643417}.Release|x86.Build.0 = Release|Any CPU
		{C6DDB16C-B8B7-4C42-B81A-59AF28BD041D}.Debug|Any CPU.ActiveCfg = Debug|Any CPU
		{C6DDB16C-B8B7-4C42-B81A-59AF28BD041D}.Debug|Any CPU.Build.0 = Debug|Any CPU
		{C6DDB16C-B8B7-4C42-B81A-59AF28BD041D}.Debug|x64.ActiveCfg = Debug|Any CPU
		{C6DDB16C-B8B7-4C42-B81A-59AF28BD041D}.Debug|x64.Build.0 = Debug|Any CPU
		{C6DDB16C-B8B7-4C42-B81A-59AF28BD041D}.Debug|x86.ActiveCfg = Debug|Any CPU
		{C6DDB16C-B8B7-4C42-B81A-59AF28BD041D}.Debug|x86.Build.0 = Debug|Any CPU
		{C6DDB16C-B8B7-4C42-B81A-59AF28BD041D}.Release|Any CPU.ActiveCfg = Release|Any CPU
		{C6DDB16C-B8B7-4C42-B81A-59AF28BD041D}.Release|Any CPU.Build.0 = Release|Any CPU
		{C6DDB16C-B8B7-4C42-B81A-59AF28BD041D}.Release|x64.ActiveCfg = Release|Any CPU
		{C6DDB16C-B8B7-4C42-B81A-59AF28BD041D}.Release|x64.Build.0 = Release|Any CPU
		{C6DDB16C-B8B7-4C42-B81A-59AF28BD041D}.Release|x86.ActiveCfg = Release|Any CPU
		{C6DDB16C-B8B7-4C42-B81A-59AF28BD041D}.Release|x86.Build.0 = Release|Any CPU
		{4DB6391F-4124-4BDB-83B1-91DD7B9CF4FE}.Debug|Any CPU.ActiveCfg = Debug|Any CPU
		{4DB6391F-4124-4BDB-83B1-91DD7B9CF4FE}.Debug|Any CPU.Build.0 = Debug|Any CPU
		{4DB6391F-4124-4BDB-83B1-91DD7B9CF4FE}.Debug|x64.ActiveCfg = Debug|Any CPU
		{4DB6391F-4124-4BDB-83B1-91DD7B9CF4FE}.Debug|x64.Build.0 = Debug|Any CPU
		{4DB6391F-4124-4BDB-83B1-91DD7B9CF4FE}.Debug|x86.ActiveCfg = Debug|Any CPU
		{4DB6391F-4124-4BDB-83B1-91DD7B9CF4FE}.Debug|x86.Build.0 = Debug|Any CPU
		{4DB6391F-4124-4BDB-83B1-91DD7B9CF4FE}.Release|Any CPU.ActiveCfg = Release|Any CPU
		{4DB6391F-4124-4BDB-83B1-91DD7B9CF4FE}.Release|Any CPU.Build.0 = Release|Any CPU
		{4DB6391F-4124-4BDB-83B1-91DD7B9CF4FE}.Release|x64.ActiveCfg = Release|Any CPU
		{4DB6391F-4124-4BDB-83B1-91DD7B9CF4FE}.Release|x64.Build.0 = Release|Any CPU
		{4DB6391F-4124-4BDB-83B1-91DD7B9CF4FE}.Release|x86.ActiveCfg = Release|Any CPU
		{4DB6391F-4124-4BDB-83B1-91DD7B9CF4FE}.Release|x86.Build.0 = Release|Any CPU
		{9EF0A2FC-4FFF-4048-9FA4-A447D27A834E}.Debug|Any CPU.ActiveCfg = Debug|Any CPU
		{9EF0A2FC-4FFF-4048-9FA4-A447D27A834E}.Debug|Any CPU.Build.0 = Debug|Any CPU
		{9EF0A2FC-4FFF-4048-9FA4-A447D27A834E}.Debug|x64.ActiveCfg = Debug|Any CPU
		{9EF0A2FC-4FFF-4048-9FA4-A447D27A834E}.Debug|x64.Build.0 = Debug|Any CPU
		{9EF0A2FC-4FFF-4048-9FA4-A447D27A834E}.Debug|x86.ActiveCfg = Debug|Any CPU
		{9EF0A2FC-4FFF-4048-9FA4-A447D27A834E}.Debug|x86.Build.0 = Debug|Any CPU
		{9EF0A2FC-4FFF-4048-9FA4-A447D27A834E}.Release|Any CPU.ActiveCfg = Release|Any CPU
		{9EF0A2FC-4FFF-4048-9FA4-A447D27A834E}.Release|Any CPU.Build.0 = Release|Any CPU
		{9EF0A2FC-4FFF-4048-9FA4-A447D27A834E}.Release|x64.ActiveCfg = Release|Any CPU
		{9EF0A2FC-4FFF-4048-9FA4-A447D27A834E}.Release|x64.Build.0 = Release|Any CPU
		{9EF0A2FC-4FFF-4048-9FA4-A447D27A834E}.Release|x86.ActiveCfg = Release|Any CPU
		{9EF0A2FC-4FFF-4048-9FA4-A447D27A834E}.Release|x86.Build.0 = Release|Any CPU
		{6CDED891-E3FC-4B13-9199-01F32A58D0F0}.Debug|Any CPU.ActiveCfg = Debug|Any CPU
		{6CDED891-E3FC-4B13-9199-01F32A58D0F0}.Debug|Any CPU.Build.0 = Debug|Any CPU
		{6CDED891-E3FC-4B13-9199-01F32A58D0F0}.Debug|x64.ActiveCfg = Debug|Any CPU
		{6CDED891-E3FC-4B13-9199-01F32A58D0F0}.Debug|x64.Build.0 = Debug|Any CPU
		{6CDED891-E3FC-4B13-9199-01F32A58D0F0}.Debug|x86.ActiveCfg = Debug|Any CPU
		{6CDED891-E3FC-4B13-9199-01F32A58D0F0}.Debug|x86.Build.0 = Debug|Any CPU
		{6CDED891-E3FC-4B13-9199-01F32A58D0F0}.Release|Any CPU.ActiveCfg = Release|Any CPU
		{6CDED891-E3FC-4B13-9199-01F32A58D0F0}.Release|Any CPU.Build.0 = Release|Any CPU
		{6CDED891-E3FC-4B13-9199-01F32A58D0F0}.Release|x64.ActiveCfg = Release|Any CPU
		{6CDED891-E3FC-4B13-9199-01F32A58D0F0}.Release|x64.Build.0 = Release|Any CPU
		{6CDED891-E3FC-4B13-9199-01F32A58D0F0}.Release|x86.ActiveCfg = Release|Any CPU
		{6CDED891-E3FC-4B13-9199-01F32A58D0F0}.Release|x86.Build.0 = Release|Any CPU
		{9DD9770F-DC86-4F2F-858B-3D6CFEAFFB21}.Debug|Any CPU.ActiveCfg = Debug|Any CPU
		{9DD9770F-DC86-4F2F-858B-3D6CFEAFFB21}.Debug|Any CPU.Build.0 = Debug|Any CPU
		{9DD9770F-DC86-4F2F-858B-3D6CFEAFFB21}.Debug|x64.ActiveCfg = Debug|Any CPU
		{9DD9770F-DC86-4F2F-858B-3D6CFEAFFB21}.Debug|x64.Build.0 = Debug|Any CPU
		{9DD9770F-DC86-4F2F-858B-3D6CFEAFFB21}.Debug|x86.ActiveCfg = Debug|Any CPU
		{9DD9770F-DC86-4F2F-858B-3D6CFEAFFB21}.Debug|x86.Build.0 = Debug|Any CPU
		{9DD9770F-DC86-4F2F-858B-3D6CFEAFFB21}.Release|Any CPU.ActiveCfg = Release|Any CPU
		{9DD9770F-DC86-4F2F-858B-3D6CFEAFFB21}.Release|Any CPU.Build.0 = Release|Any CPU
		{9DD9770F-DC86-4F2F-858B-3D6CFEAFFB21}.Release|x64.ActiveCfg = Release|Any CPU
		{9DD9770F-DC86-4F2F-858B-3D6CFEAFFB21}.Release|x64.Build.0 = Release|Any CPU
		{9DD9770F-DC86-4F2F-858B-3D6CFEAFFB21}.Release|x86.ActiveCfg = Release|Any CPU
		{9DD9770F-DC86-4F2F-858B-3D6CFEAFFB21}.Release|x86.Build.0 = Release|Any CPU
		{793F93C5-D565-449F-BF5B-04BD52CF9D53}.Debug|Any CPU.ActiveCfg = Debug|Any CPU
		{793F93C5-D565-449F-BF5B-04BD52CF9D53}.Debug|Any CPU.Build.0 = Debug|Any CPU
		{793F93C5-D565-449F-BF5B-04BD52CF9D53}.Debug|x64.ActiveCfg = Debug|Any CPU
		{793F93C5-D565-449F-BF5B-04BD52CF9D53}.Debug|x64.Build.0 = Debug|Any CPU
		{793F93C5-D565-449F-BF5B-04BD52CF9D53}.Debug|x86.ActiveCfg = Debug|Any CPU
		{793F93C5-D565-449F-BF5B-04BD52CF9D53}.Debug|x86.Build.0 = Debug|Any CPU
		{793F93C5-D565-449F-BF5B-04BD52CF9D53}.Release|Any CPU.ActiveCfg = Release|Any CPU
		{793F93C5-D565-449F-BF5B-04BD52CF9D53}.Release|Any CPU.Build.0 = Release|Any CPU
		{793F93C5-D565-449F-BF5B-04BD52CF9D53}.Release|x64.ActiveCfg = Release|Any CPU
		{793F93C5-D565-449F-BF5B-04BD52CF9D53}.Release|x64.Build.0 = Release|Any CPU
		{793F93C5-D565-449F-BF5B-04BD52CF9D53}.Release|x86.ActiveCfg = Release|Any CPU
		{793F93C5-D565-449F-BF5B-04BD52CF9D53}.Release|x86.Build.0 = Release|Any CPU
	EndGlobalSection
	GlobalSection(NestedProjects) = preSolution
		{5E82F319-35C3-4DF3-889D-002AB8643417} = {3578293E-FCBD-42CA-9DAC-E612A1845B06}
		{C6DDB16C-B8B7-4C42-B81A-59AF28BD041D} = {3578293E-FCBD-42CA-9DAC-E612A1845B06}
		{4DB6391F-4124-4BDB-83B1-91DD7B9CF4FE} = {3578293E-FCBD-42CA-9DAC-E612A1845B06}
		{9EF0A2FC-4FFF-4048-9FA4-A447D27A834E} = {3578293E-FCBD-42CA-9DAC-E612A1845B06}
		{6CDED891-E3FC-4B13-9199-01F32A58D0F0} = {3578293E-FCBD-42CA-9DAC-E612A1845B06}
		{9DD9770F-DC86-4F2F-858B-3D6CFEAFFB21} = {3578293E-FCBD-42CA-9DAC-E612A1845B06}
	EndGlobalSection
EndGlobal
